
Microsoft Visual Studio Solution File, Format Version 12.00
# Visual Studio Version 16
VisualStudioVersion = 16.0.32630.194
MinimumVisualStudioVersion = 10.0.40219.1
Project("{9A19103F-16F7-4668-BE54-9A1E7A4F7556}") = "LibraryManager 2.0", "LibraryManager 2.0\LibraryManager 2.0.csproj", "{F6D63B97-3E42-4632-8CCF-0FC63CE00F7B}"
EndProject
Project("{FAE04EC0-301F-11D3-BF4B-00C04F79EFBC}") = "LibraryManager.Domain", "LibraryManager.Domain\LibraryManager.Domain.csproj", "{A41138B7-6CF1-48F4-BB9E-2248852B0287}"
EndProject
Project("{FAE04EC0-301F-11D3-BF4B-00C04F79EFBC}") = "LibraryManager.EntityFramework", "LibraryManager.EntityFramework\LibraryManager.EntityFramework.csproj", "{4F31DC56-A811-4679-AF3E-1107053F4300}"
EndProject
Global
	GlobalSection(SolutionConfigurationPlatforms) = preSolution
		Debug|Any CPU = Debug|Any CPU
		Release|Any CPU = Release|Any CPU
	EndGlobalSection
	GlobalSection(ProjectConfigurationPlatforms) = postSolution
		{F6D63B97-3E42-4632-8CCF-0FC63CE00F7B}.Debug|Any CPU.ActiveCfg = Debug|Any CPU
		{F6D63B97-3E42-4632-8CCF-0FC63CE00F7B}.Debug|Any CPU.Build.0 = Debug|Any CPU
		{F6D63B97-3E42-4632-8CCF-0FC63CE00F7B}.Release|Any CPU.ActiveCfg = Release|Any CPU
		{F6D63B97-3E42-4632-8CCF-0FC63CE00F7B}.Release|Any CPU.Build.0 = Release|Any CPU
		{A41138B7-6CF1-48F4-BB9E-2248852B0287}.Debug|Any CPU.ActiveCfg = Debug|Any CPU
		{A41138B7-6CF1-48F4-BB9E-2248852B0287}.Debug|Any CPU.Build.0 = Debug|Any CPU
		{A41138B7-6CF1-48F4-BB9E-2248852B0287}.Release|Any CPU.ActiveCfg = Release|Any CPU
		{A41138B7-6CF1-48F4-BB9E-2248852B0287}.Release|Any CPU.Build.0 = Release|Any CPU
		{4F31DC56-A811-4679-AF3E-1107053F4300}.Debug|Any CPU.ActiveCfg = Debug|Any CPU
		{4F31DC56-A811-4679-AF3E-1107053F4300}.Debug|Any CPU.Build.0 = Debug|Any CPU
		{4F31DC56-A811-4679-AF3E-1107053F4300}.Release|Any CPU.ActiveCfg = Release|Any CPU
		{4F31DC56-A811-4679-AF3E-1107053F4300}.Release|Any CPU.Build.0 = Release|Any CPU
	EndGlobalSection
	GlobalSection(SolutionProperties) = preSolution
		HideSolutionNode = FALSE
	EndGlobalSection
	GlobalSection(ExtensibilityGlobals) = postSolution
		SolutionGuid = {FAC74CF0-0F16-485E-AD44-D7AF3BAEDB03}
	EndGlobalSection
EndGlobal
